
Microsoft Visual Studio Solution File, Format Version 12.00
# Visual Studio Version 16
VisualStudioVersion = 16.0.29230.47
MinimumVisualStudioVersion = 10.0.40219.1
Project("{8BC9CEB8-8B4A-11D0-8D11-00A0C91BC942}") = "picoquic", "picoquic\picoquic.vcxproj", "{63E1E6B7-DB5F-4EDC-8AC8-7E9F5990D11F}"
EndProject
Project("{8BC9CEB8-8B4A-11D0-8D11-00A0C91BC942}") = "UnitTest1", "UnitTest1\UnitTest1.vcxproj", "{454244B2-B174-41B4-B7AC-41962FE95941}"
	ProjectSection(ProjectDependencies) = postProject
		{C8F3740E-56FB-4BE7-9D8C-30A954846146} = {C8F3740E-56FB-4BE7-9D8C-30A954846146}
		{63E1E6B7-DB5F-4EDC-8AC8-7E9F5990D11F} = {63E1E6B7-DB5F-4EDC-8AC8-7E9F5990D11F}
		{B04168BD-4D56-4DE9-B1E3-CF4C16FE21C7} = {B04168BD-4D56-4DE9-B1E3-CF4C16FE21C7}
		{998765EE-64DF-49C1-8471-A79E2DA7CD21} = {998765EE-64DF-49C1-8471-A79E2DA7CD21}
	EndProjectSection
EndProject
Project("{8BC9CEB8-8B4A-11D0-8D11-00A0C91BC942}") = "picoquictest", "picoquictest\picoquictest.vcxproj", "{B04168BD-4D56-4DE9-B1E3-CF4C16FE21C7}"
EndProject
Project("{8BC9CEB8-8B4A-11D0-8D11-00A0C91BC942}") = "picoquicdemo", "picoquicfirst\picoquicfirst.vcxproj", "{995745F2-E8BA-48C1-AF6D-BA554B869D47}"
	ProjectSection(ProjectDependencies) = postProject
		{C8F3740E-56FB-4BE7-9D8C-30A954846146} = {C8F3740E-56FB-4BE7-9D8C-30A954846146}
		{63E1E6B7-DB5F-4EDC-8AC8-7E9F5990D11F} = {63E1E6B7-DB5F-4EDC-8AC8-7E9F5990D11F}
		{B04168BD-4D56-4DE9-B1E3-CF4C16FE21C7} = {B04168BD-4D56-4DE9-B1E3-CF4C16FE21C7}
		{998765EE-64DF-49C1-8471-A79E2DA7CD21} = {998765EE-64DF-49C1-8471-A79E2DA7CD21}
	EndProjectSection
EndProject
Project("{8BC9CEB8-8B4A-11D0-8D11-00A0C91BC942}") = "picoquic_t", "picoquic_t\picoquic_t.vcxproj", "{4898D6E0-6FC5-4375-99F5-4C69BB20CE94}"
	ProjectSection(ProjectDependencies) = postProject
		{63E1E6B7-DB5F-4EDC-8AC8-7E9F5990D11F} = {63E1E6B7-DB5F-4EDC-8AC8-7E9F5990D11F}
		{B04168BD-4D56-4DE9-B1E3-CF4C16FE21C7} = {B04168BD-4D56-4DE9-B1E3-CF4C16FE21C7}
		{998765EE-64DF-49C1-8471-A79E2DA7CD21} = {998765EE-64DF-49C1-8471-A79E2DA7CD21}
	EndProjectSection
EndProject
Project("{2150E333-8FDC-42A3-9474-1A3956D46DE8}") = "Solution Items", "Solution Items", "{A71B5718-FDFC-4047-A76C-15EA7A78ED6B}"
EndProject
Project("{8BC9CEB8-8B4A-11D0-8D11-00A0C91BC942}") = "quicwind", "quicwind\quicwind.vcxproj", "{7C931959-3DBA-4440-A215-B085036F3EE1}"
	ProjectSection(ProjectDependencies) = postProject
		{C8F3740E-56FB-4BE7-9D8C-30A954846146} = {C8F3740E-56FB-4BE7-9D8C-30A954846146}
		{63E1E6B7-DB5F-4EDC-8AC8-7E9F5990D11F} = {63E1E6B7-DB5F-4EDC-8AC8-7E9F5990D11F}
	EndProjectSection
EndProject
Project("{8BC9CEB8-8B4A-11D0-8D11-00A0C91BC942}") = "picohttp", "picohttp\picohttp.vcxproj", "{C8F3740E-56FB-4BE7-9D8C-30A954846146}"
EndProject
Project("{8BC9CEB8-8B4A-11D0-8D11-00A0C91BC942}") = "picohttp_t", "picohttp_t\picohttp_t.vcxproj", "{C9138A46-C3D0-491B-BACF-C7C65592D1F7}"
	ProjectSection(ProjectDependencies) = postProject
		{C8F3740E-56FB-4BE7-9D8C-30A954846146} = {C8F3740E-56FB-4BE7-9D8C-30A954846146}
		{63E1E6B7-DB5F-4EDC-8AC8-7E9F5990D11F} = {63E1E6B7-DB5F-4EDC-8AC8-7E9F5990D11F}
		{B04168BD-4D56-4DE9-B1E3-CF4C16FE21C7} = {B04168BD-4D56-4DE9-B1E3-CF4C16FE21C7}
		{998765EE-64DF-49C1-8471-A79E2DA7CD21} = {998765EE-64DF-49C1-8471-A79E2DA7CD21}
	EndProjectSection
EndProject
Project("{8BC9CEB8-8B4A-11D0-8D11-00A0C91BC942}") = "loglib", "loglib\loglib.vcxproj", "{998765EE-64DF-49C1-8471-A79E2DA7CD21}"
EndProject
Project("{8BC9CEB8-8B4A-11D0-8D11-00A0C91BC942}") = "picolog", "picolog\picolog.vcxproj", "{B3DDD196-3D03-4396-97BD-E5DE733E9D24}"
	ProjectSection(ProjectDependencies) = postProject
		{63E1E6B7-DB5F-4EDC-8AC8-7E9F5990D11F} = {63E1E6B7-DB5F-4EDC-8AC8-7E9F5990D11F}
		{998765EE-64DF-49C1-8471-A79E2DA7CD21} = {998765EE-64DF-49C1-8471-A79E2DA7CD21}
	EndProjectSection
EndProject
Project("{8BC9CEB8-8B4A-11D0-8D11-00A0C91BC942}") = "sample", "sample\sample.vcxproj", "{F395E460-C042-4FA9-B00D-6EC14856182D}"
	ProjectSection(ProjectDependencies) = postProject
		{B3DDD196-3D03-4396-97BD-E5DE733E9D24} = {B3DDD196-3D03-4396-97BD-E5DE733E9D24}
		{63E1E6B7-DB5F-4EDC-8AC8-7E9F5990D11F} = {63E1E6B7-DB5F-4EDC-8AC8-7E9F5990D11F}
		{998765EE-64DF-49C1-8471-A79E2DA7CD21} = {998765EE-64DF-49C1-8471-A79E2DA7CD21}
	EndProjectSection
EndProject
Project("{8BC9CEB8-8B4A-11D0-8D11-00A0C91BC942}") = "PerfAndStressTest", "PerfAndStressTest\PerfAndStressTest.vcxproj", "{436B580F-B0E8-4EB8-A987-08218D863316}"
	ProjectSection(ProjectDependencies) = postProject
		{C8F3740E-56FB-4BE7-9D8C-30A954846146} = {C8F3740E-56FB-4BE7-9D8C-30A954846146}
		{63E1E6B7-DB5F-4EDC-8AC8-7E9F5990D11F} = {63E1E6B7-DB5F-4EDC-8AC8-7E9F5990D11F}
		{B04168BD-4D56-4DE9-B1E3-CF4C16FE21C7} = {B04168BD-4D56-4DE9-B1E3-CF4C16FE21C7}
		{998765EE-64DF-49C1-8471-A79E2DA7CD21} = {998765EE-64DF-49C1-8471-A79E2DA7CD21}
	EndProjectSection
EndProject
Global
	GlobalSection(SolutionConfigurationPlatforms) = preSolution
		Debug|x64 = Debug|x64
		Debug|x86 = Debug|x86
		Release|x64 = Release|x64
		Release|x86 = Release|x86
	EndGlobalSection
	GlobalSection(ProjectConfigurationPlatforms) = postSolution
		{63E1E6B7-DB5F-4EDC-8AC8-7E9F5990D11F}.Debug|x64.ActiveCfg = Debug|x64
		{63E1E6B7-DB5F-4EDC-8AC8-7E9F5990D11F}.Debug|x64.Build.0 = Debug|x64
		{63E1E6B7-DB5F-4EDC-8AC8-7E9F5990D11F}.Debug|x86.ActiveCfg = Debug|Win32
		{63E1E6B7-DB5F-4EDC-8AC8-7E9F5990D11F}.Debug|x86.Build.0 = Debug|Win32
		{63E1E6B7-DB5F-4EDC-8AC8-7E9F5990D11F}.Release|x64.ActiveCfg = Release|x64
		{63E1E6B7-DB5F-4EDC-8AC8-7E9F5990D11F}.Release|x64.Build.0 = Release|x64
		{63E1E6B7-DB5F-4EDC-8AC8-7E9F5990D11F}.Release|x86.ActiveCfg = Release|Win32
		{63E1E6B7-DB5F-4EDC-8AC8-7E9F5990D11F}.Release|x86.Build.0 = Release|Win32
		{454244B2-B174-41B4-B7AC-41962FE95941}.Debug|x64.ActiveCfg = Debug|x64
		{454244B2-B174-41B4-B7AC-41962FE95941}.Debug|x64.Build.0 = Debug|x64
		{454244B2-B174-41B4-B7AC-41962FE95941}.Debug|x86.ActiveCfg = Debug|Win32
		{454244B2-B174-41B4-B7AC-41962FE95941}.Debug|x86.Build.0 = Debug|Win32
		{454244B2-B174-41B4-B7AC-41962FE95941}.Release|x64.ActiveCfg = Release|x64
		{454244B2-B174-41B4-B7AC-41962FE95941}.Release|x64.Build.0 = Release|x64
		{454244B2-B174-41B4-B7AC-41962FE95941}.Release|x86.ActiveCfg = Release|Win32
		{454244B2-B174-41B4-B7AC-41962FE95941}.Release|x86.Build.0 = Release|Win32
		{B04168BD-4D56-4DE9-B1E3-CF4C16FE21C7}.Debug|x64.ActiveCfg = Debug|x64
		{B04168BD-4D56-4DE9-B1E3-CF4C16FE21C7}.Debug|x64.Build.0 = Debug|x64
		{B04168BD-4D56-4DE9-B1E3-CF4C16FE21C7}.Debug|x86.ActiveCfg = Debug|Win32
		{B04168BD-4D56-4DE9-B1E3-CF4C16FE21C7}.Debug|x86.Build.0 = Debug|Win32
		{B04168BD-4D56-4DE9-B1E3-CF4C16FE21C7}.Release|x64.ActiveCfg = Release|x64
		{B04168BD-4D56-4DE9-B1E3-CF4C16FE21C7}.Release|x64.Build.0 = Release|x64
		{B04168BD-4D56-4DE9-B1E3-CF4C16FE21C7}.Release|x86.ActiveCfg = Release|Win32
		{B04168BD-4D56-4DE9-B1E3-CF4C16FE21C7}.Release|x86.Build.0 = Release|Win32
		{995745F2-E8BA-48C1-AF6D-BA554B869D47}.Debug|x64.ActiveCfg = Debug|x64
		{995745F2-E8BA-48C1-AF6D-BA554B869D47}.Debug|x64.Build.0 = Debug|x64
		{995745F2-E8BA-48C1-AF6D-BA554B869D47}.Debug|x86.ActiveCfg = Debug|Win32
		{995745F2-E8BA-48C1-AF6D-BA554B869D47}.Debug|x86.Build.0 = Debug|Win32
		{995745F2-E8BA-48C1-AF6D-BA554B869D47}.Release|x64.ActiveCfg = Release|x64
		{995745F2-E8BA-48C1-AF6D-BA554B869D47}.Release|x64.Build.0 = Release|x64
		{995745F2-E8BA-48C1-AF6D-BA554B869D47}.Release|x86.ActiveCfg = Release|Win32
		{995745F2-E8BA-48C1-AF6D-BA554B869D47}.Release|x86.Build.0 = Release|Win32
		{4898D6E0-6FC5-4375-99F5-4C69BB20CE94}.Debug|x64.ActiveCfg = Debug|x64
		{4898D6E0-6FC5-4375-99F5-4C69BB20CE94}.Debug|x64.Build.0 = Debug|x64
		{4898D6E0-6FC5-4375-99F5-4C69BB20CE94}.Debug|x86.ActiveCfg = Debug|Win32
		{4898D6E0-6FC5-4375-99F5-4C69BB20CE94}.Debug|x86.Build.0 = Debug|Win32
		{4898D6E0-6FC5-4375-99F5-4C69BB20CE94}.Release|x64.ActiveCfg = Release|x64
		{4898D6E0-6FC5-4375-99F5-4C69BB20CE94}.Release|x64.Build.0 = Release|x64
		{4898D6E0-6FC5-4375-99F5-4C69BB20CE94}.Release|x86.ActiveCfg = Release|Win32
		{4898D6E0-6FC5-4375-99F5-4C69BB20CE94}.Release|x86.Build.0 = Release|Win32
		{7C931959-3DBA-4440-A215-B085036F3EE1}.Debug|x64.ActiveCfg = Debug|x64
		{7C931959-3DBA-4440-A215-B085036F3EE1}.Debug|x64.Build.0 = Debug|x64
		{7C931959-3DBA-4440-A215-B085036F3EE1}.Debug|x86.ActiveCfg = Debug|Win32
		{7C931959-3DBA-4440-A215-B085036F3EE1}.Debug|x86.Build.0 = Debug|Win32
		{7C931959-3DBA-4440-A215-B085036F3EE1}.Release|x64.ActiveCfg = Release|x64
		{7C931959-3DBA-4440-A215-B085036F3EE1}.Release|x64.Build.0 = Release|x64
		{7C931959-3DBA-4440-A215-B085036F3EE1}.Release|x86.ActiveCfg = Release|Win32
		{7C931959-3DBA-4440-A215-B085036F3EE1}.Release|x86.Build.0 = Release|Win32
		{C8F3740E-56FB-4BE7-9D8C-30A954846146}.Debug|x64.ActiveCfg = Debug|x64
		{C8F3740E-56FB-4BE7-9D8C-30A954846146}.Debug|x64.Build.0 = Debug|x64
		{C8F3740E-56FB-4BE7-9D8C-30A954846146}.Debug|x86.ActiveCfg = Debug|Win32
		{C8F3740E-56FB-4BE7-9D8C-30A954846146}.Debug|x86.Build.0 = Debug|Win32
		{C8F3740E-56FB-4BE7-9D8C-30A954846146}.Release|x64.ActiveCfg = Release|x64
		{C8F3740E-56FB-4BE7-9D8C-30A954846146}.Release|x64.Build.0 = Release|x64
		{C8F3740E-56FB-4BE7-9D8C-30A954846146}.Release|x86.ActiveCfg = Release|Win32
		{C8F3740E-56FB-4BE7-9D8C-30A954846146}.Release|x86.Build.0 = Release|Win32
		{C9138A46-C3D0-491B-BACF-C7C65592D1F7}.Debug|x64.ActiveCfg = Debug|x64
		{C9138A46-C3D0-491B-BACF-C7C65592D1F7}.Debug|x64.Build.0 = Debug|x64
		{C9138A46-C3D0-491B-BACF-C7C65592D1F7}.Debug|x86.ActiveCfg = Debug|Win32
		{C9138A46-C3D0-491B-BACF-C7C65592D1F7}.Debug|x86.Build.0 = Debug|Win32
		{C9138A46-C3D0-491B-BACF-C7C65592D1F7}.Release|x64.ActiveCfg = Release|x64
		{C9138A46-C3D0-491B-BACF-C7C65592D1F7}.Release|x64.Build.0 = Release|x64
		{C9138A46-C3D0-491B-BACF-C7C65592D1F7}.Release|x86.ActiveCfg = Release|Win32
		{C9138A46-C3D0-491B-BACF-C7C65592D1F7}.Release|x86.Build.0 = Release|Win32
		{998765EE-64DF-49C1-8471-A79E2DA7CD21}.Debug|x64.ActiveCfg = Debug|x64
		{998765EE-64DF-49C1-8471-A79E2DA7CD21}.Debug|x64.Build.0 = Debug|x64
		{998765EE-64DF-49C1-8471-A79E2DA7CD21}.Debug|x86.ActiveCfg = Debug|Win32
		{998765EE-64DF-49C1-8471-A79E2DA7CD21}.Debug|x86.Build.0 = Debug|Win32
		{998765EE-64DF-49C1-8471-A79E2DA7CD21}.Release|x64.ActiveCfg = Release|x64
		{998765EE-64DF-49C1-8471-A79E2DA7CD21}.Release|x64.Build.0 = Release|x64
		{998765EE-64DF-49C1-8471-A79E2DA7CD21}.Release|x86.ActiveCfg = Release|Win32
		{998765EE-64DF-49C1-8471-A79E2DA7CD21}.Release|x86.Build.0 = Release|Win32
		{B3DDD196-3D03-4396-97BD-E5DE733E9D24}.Debug|x64.ActiveCfg = Debug|x64
		{B3DDD196-3D03-4396-97BD-E5DE733E9D24}.Debug|x64.Build.0 = Debug|x64
		{B3DDD196-3D03-4396-97BD-E5DE733E9D24}.Debug|x86.ActiveCfg = Debug|Win32
		{B3DDD196-3D03-4396-97BD-E5DE733E9D24}.Debug|x86.Build.0 = Debug|Win32
		{B3DDD196-3D03-4396-97BD-E5DE733E9D24}.Release|x64.ActiveCfg = Release|x64
		{B3DDD196-3D03-4396-97BD-E5DE733E9D24}.Release|x64.Build.0 = Release|x64
		{B3DDD196-3D03-4396-97BD-E5DE733E9D24}.Release|x86.ActiveCfg = Release|Win32
		{B3DDD196-3D03-4396-97BD-E5DE733E9D24}.Release|x86.Build.0 = Release|Win32
		{F395E460-C042-4FA9-B00D-6EC14856182D}.Debug|x64.ActiveCfg = Debug|x64
		{F395E460-C042-4FA9-B00D-6EC14856182D}.Debug|x64.Build.0 = Debug|x64
		{F395E460-C042-4FA9-B00D-6EC14856182D}.Debug|x86.ActiveCfg = Debug|Win32
		{F395E460-C042-4FA9-B00D-6EC14856182D}.Debug|x86.Build.0 = Debug|Win32
		{F395E460-C042-4FA9-B00D-6EC14856182D}.Release|x64.ActiveCfg = Release|x64
		{F395E460-C042-4FA9-B00D-6EC14856182D}.Release|x64.Build.0 = Release|x64
		{F395E460-C042-4FA9-B00D-6EC14856182D}.Release|x86.ActiveCfg = Release|Win32
		{F395E460-C042-4FA9-B00D-6EC14856182D}.Release|x86.Build.0 = Release|Win32
		{436B580F-B0E8-4EB8-A987-08218D863316}.Debug|x64.ActiveCfg = Debug|x64
		{436B580F-B0E8-4EB8-A987-08218D863316}.Debug|x64.Build.0 = Debug|x64
		{436B580F-B0E8-4EB8-A987-08218D863316}.Debug|x86.ActiveCfg = Debug|Win32
		{436B580F-B0E8-4EB8-A987-08218D863316}.Debug|x86.Build.0 = Debug|Win32
		{436B580F-B0E8-4EB8-A987-08218D863316}.Release|x64.ActiveCfg = Release|x64
		{436B580F-B0E8-4EB8-A987-08218D863316}.Release|x64.Build.0 = Release|x64
		{436B580F-B0E8-4EB8-A987-08218D863316}.Release|x86.ActiveCfg = Release|Win32
		{436B580F-B0E8-4EB8-A987-08218D863316}.Release|x86.Build.0 = Release|Win32
	EndGlobalSection
	GlobalSection(SolutionProperties) = preSolution
		HideSolutionNode = FALSE
	EndGlobalSection
	GlobalSection(ExtensibilityGlobals) = postSolution
		SolutionGuid = {9046935D-F459-4ADB-850E-C60A378EB224}
	EndGlobalSection
EndGlobal
