
Microsoft Visual Studio Solution File, Format Version 12.00
# Visual Studio 15
VisualStudioVersion = 15.0.26228.9
MinimumVisualStudioVersion = 10.0.40219.1
Project("{8BC9CEB8-8B4A-11D0-8D11-00A0C91BC942}") = "picoquic", "picoquic\picoquic.vcxproj", "{63E1E6B7-DB5F-4EDC-8AC8-7E9F5990D11F}"
EndProject
Project("{8BC9CEB8-8B4A-11D0-8D11-00A0C91BC942}") = "UnitTest1", "UnitTest1\UnitTest1.vcxproj", "{454244B2-B174-41B4-B7AC-41962FE95941}"
	ProjectSection(ProjectDependencies) = postProject
		{63E1E6B7-DB5F-4EDC-8AC8-7E9F5990D11F} = {63E1E6B7-DB5F-4EDC-8AC8-7E9F5990D11F}
		{B04168BD-4D56-4DE9-B1E3-CF4C16FE21C7} = {B04168BD-4D56-4DE9-B1E3-CF4C16FE21C7}
	EndProjectSection
EndProject
Project("{8BC9CEB8-8B4A-11D0-8D11-00A0C91BC942}") = "picoquictest", "picoquictest\picoquictest.vcxproj", "{B04168BD-4D56-4DE9-B1E3-CF4C16FE21C7}"
EndProject
Project("{8BC9CEB8-8B4A-11D0-8D11-00A0C91BC942}") = "picoquicfirst", "picoquicfirst\picoquicfirst.vcxproj", "{995745F2-E8BA-48C1-AF6D-BA554B869D47}"
	ProjectSection(ProjectDependencies) = postProject
		{63E1E6B7-DB5F-4EDC-8AC8-7E9F5990D11F} = {63E1E6B7-DB5F-4EDC-8AC8-7E9F5990D11F}
	EndProjectSection
EndProject
Project("{8BC9CEB8-8B4A-11D0-8D11-00A0C91BC942}") = "picoquicclitest", "picoquicclitest\picoquicclitest.vcxproj", "{1DE75CCA-3D85-4A3A-9CC2-46D5BC154EF4}"
EndProject
Global
	GlobalSection(SolutionConfigurationPlatforms) = preSolution
		Debug|x64 = Debug|x64
		Debug|x86 = Debug|x86
		Release|x64 = Release|x64
		Release|x86 = Release|x86
	EndGlobalSection
	GlobalSection(ProjectConfigurationPlatforms) = postSolution
		{63E1E6B7-DB5F-4EDC-8AC8-7E9F5990D11F}.Debug|x64.ActiveCfg = Debug|x64
		{63E1E6B7-DB5F-4EDC-8AC8-7E9F5990D11F}.Debug|x64.Build.0 = Debug|x64
		{63E1E6B7-DB5F-4EDC-8AC8-7E9F5990D11F}.Debug|x86.ActiveCfg = Debug|Win32
		{63E1E6B7-DB5F-4EDC-8AC8-7E9F5990D11F}.Debug|x86.Build.0 = Debug|Win32
		{63E1E6B7-DB5F-4EDC-8AC8-7E9F5990D11F}.Release|x64.ActiveCfg = Release|x64
		{63E1E6B7-DB5F-4EDC-8AC8-7E9F5990D11F}.Release|x64.Build.0 = Release|x64
		{63E1E6B7-DB5F-4EDC-8AC8-7E9F5990D11F}.Release|x86.ActiveCfg = Release|Win32
		{63E1E6B7-DB5F-4EDC-8AC8-7E9F5990D11F}.Release|x86.Build.0 = Release|Win32
		{454244B2-B174-41B4-B7AC-41962FE95941}.Debug|x64.ActiveCfg = Debug|x64
		{454244B2-B174-41B4-B7AC-41962FE95941}.Debug|x64.Build.0 = Debug|x64
		{454244B2-B174-41B4-B7AC-41962FE95941}.Debug|x86.ActiveCfg = Debug|Win32
		{454244B2-B174-41B4-B7AC-41962FE95941}.Debug|x86.Build.0 = Debug|Win32
		{454244B2-B174-41B4-B7AC-41962FE95941}.Release|x64.ActiveCfg = Release|x64
		{454244B2-B174-41B4-B7AC-41962FE95941}.Release|x64.Build.0 = Release|x64
		{454244B2-B174-41B4-B7AC-41962FE95941}.Release|x86.ActiveCfg = Release|Win32
		{454244B2-B174-41B4-B7AC-41962FE95941}.Release|x86.Build.0 = Release|Win32
		{B04168BD-4D56-4DE9-B1E3-CF4C16FE21C7}.Debug|x64.ActiveCfg = Debug|x64
		{B04168BD-4D56-4DE9-B1E3-CF4C16FE21C7}.Debug|x64.Build.0 = Debug|x64
		{B04168BD-4D56-4DE9-B1E3-CF4C16FE21C7}.Debug|x86.ActiveCfg = Debug|Win32
		{B04168BD-4D56-4DE9-B1E3-CF4C16FE21C7}.Debug|x86.Build.0 = Debug|Win32
		{B04168BD-4D56-4DE9-B1E3-CF4C16FE21C7}.Release|x64.ActiveCfg = Release|x64
		{B04168BD-4D56-4DE9-B1E3-CF4C16FE21C7}.Release|x64.Build.0 = Release|x64
		{B04168BD-4D56-4DE9-B1E3-CF4C16FE21C7}.Release|x86.ActiveCfg = Release|Win32
		{B04168BD-4D56-4DE9-B1E3-CF4C16FE21C7}.Release|x86.Build.0 = Release|Win32
		{995745F2-E8BA-48C1-AF6D-BA554B869D47}.Debug|x64.ActiveCfg = Debug|x64
		{995745F2-E8BA-48C1-AF6D-BA554B869D47}.Debug|x64.Build.0 = Debug|x64
		{995745F2-E8BA-48C1-AF6D-BA554B869D47}.Debug|x86.ActiveCfg = Debug|Win32
		{995745F2-E8BA-48C1-AF6D-BA554B869D47}.Debug|x86.Build.0 = Debug|Win32
		{995745F2-E8BA-48C1-AF6D-BA554B869D47}.Release|x64.ActiveCfg = Release|x64
		{995745F2-E8BA-48C1-AF6D-BA554B869D47}.Release|x64.Build.0 = Release|x64
		{995745F2-E8BA-48C1-AF6D-BA554B869D47}.Release|x86.ActiveCfg = Release|Win32
		{995745F2-E8BA-48C1-AF6D-BA554B869D47}.Release|x86.Build.0 = Release|Win32
		{1DE75CCA-3D85-4A3A-9CC2-46D5BC154EF4}.Debug|x64.ActiveCfg = Debug|x64
		{1DE75CCA-3D85-4A3A-9CC2-46D5BC154EF4}.Debug|x64.Build.0 = Debug|x64
		{1DE75CCA-3D85-4A3A-9CC2-46D5BC154EF4}.Debug|x86.ActiveCfg = Debug|Win32
		{1DE75CCA-3D85-4A3A-9CC2-46D5BC154EF4}.Debug|x86.Build.0 = Debug|Win32
		{1DE75CCA-3D85-4A3A-9CC2-46D5BC154EF4}.Release|x64.ActiveCfg = Release|x64
		{1DE75CCA-3D85-4A3A-9CC2-46D5BC154EF4}.Release|x64.Build.0 = Release|x64
		{1DE75CCA-3D85-4A3A-9CC2-46D5BC154EF4}.Release|x86.ActiveCfg = Release|Win32
		{1DE75CCA-3D85-4A3A-9CC2-46D5BC154EF4}.Release|x86.Build.0 = Release|Win32
	EndGlobalSection
	GlobalSection(SolutionProperties) = preSolution
		HideSolutionNode = FALSE
	EndGlobalSection
EndGlobal
