
Microsoft Visual Studio Solution File, Format Version 12.00
# Visual Studio 15
VisualStudioVersion = 15.0.26430.16
MinimumVisualStudioVersion = 10.0.40219.1
Project("{8BC9CEB8-8B4A-11D0-8D11-00A0C91BC942}") = "picoquic", "picoquic\picoquic.vcxproj", "{63E1E6B7-DB5F-4EDC-8AC8-7E9F5990D11F}"
EndProject
Project("{8BC9CEB8-8B4A-11D0-8D11-00A0C91BC942}") = "UnitTest1", "UnitTest1\UnitTest1.vcxproj", "{454244B2-B174-41B4-B7AC-41962FE95941}"
	ProjectSection(ProjectDependencies) = postProject
		{63E1E6B7-DB5F-4EDC-8AC8-7E9F5990D11F} = {63E1E6B7-DB5F-4EDC-8AC8-7E9F5990D11F}
		{B04168BD-4D56-4DE9-B1E3-CF4C16FE21C7} = {B04168BD-4D56-4DE9-B1E3-CF4C16FE21C7}
	EndProjectSection
EndProject
Project("{8BC9CEB8-8B4A-11D0-8D11-00A0C91BC942}") = "picoquictest", "picoquictest\picoquictest.vcxproj", "{B04168BD-4D56-4DE9-B1E3-CF4C16FE21C7}"
EndProject
Project("{8BC9CEB8-8B4A-11D0-8D11-00A0C91BC942}") = "picoquicdemo", "picoquicfirst\picoquicfirst.vcxproj", "{995745F2-E8BA-48C1-AF6D-BA554B869D47}"
	ProjectSection(ProjectDependencies) = postProject
		{63E1E6B7-DB5F-4EDC-8AC8-7E9F5990D11F} = {63E1E6B7-DB5F-4EDC-8AC8-7E9F5990D11F}
	EndProjectSection
EndProject
Project("{8BC9CEB8-8B4A-11D0-8D11-00A0C91BC942}") = "picoquic_t", "picoquic_t\picoquic_t.vcxproj", "{4898D6E0-6FC5-4375-99F5-4C69BB20CE94}"
	ProjectSection(ProjectDependencies) = postProject
		{63E1E6B7-DB5F-4EDC-8AC8-7E9F5990D11F} = {63E1E6B7-DB5F-4EDC-8AC8-7E9F5990D11F}
		{B04168BD-4D56-4DE9-B1E3-CF4C16FE21C7} = {B04168BD-4D56-4DE9-B1E3-CF4C16FE21C7}
	EndProjectSection
EndProject
Project("{2150E333-8FDC-42A3-9474-1A3956D46DE8}") = "Solution Items", "Solution Items", "{A71B5718-FDFC-4047-A76C-15EA7A78ED6B}"
	ProjectSection(SolutionItems) = preProject
		picoquic\picosocks.c = picoquic\picosocks.c
	EndProjectSection
EndProject
Global
	GlobalSection(SolutionConfigurationPlatforms) = preSolution
		Debug|x64 = Debug|x64
		Debug|x86 = Debug|x86
		Release|x64 = Release|x64
		Release|x86 = Release|x86
	EndGlobalSection
	GlobalSection(ProjectConfigurationPlatforms) = postSolution
		{63E1E6B7-DB5F-4EDC-8AC8-7E9F5990D11F}.Debug|x64.ActiveCfg = Debug|x64
		{63E1E6B7-DB5F-4EDC-8AC8-7E9F5990D11F}.Debug|x64.Build.0 = Debug|x64
		{63E1E6B7-DB5F-4EDC-8AC8-7E9F5990D11F}.Debug|x86.ActiveCfg = Debug|Win32
		{63E1E6B7-DB5F-4EDC-8AC8-7E9F5990D11F}.Debug|x86.Build.0 = Debug|Win32
		{63E1E6B7-DB5F-4EDC-8AC8-7E9F5990D11F}.Release|x64.ActiveCfg = Release|x64
		{63E1E6B7-DB5F-4EDC-8AC8-7E9F5990D11F}.Release|x64.Build.0 = Release|x64
		{63E1E6B7-DB5F-4EDC-8AC8-7E9F5990D11F}.Release|x86.ActiveCfg = Release|Win32
		{63E1E6B7-DB5F-4EDC-8AC8-7E9F5990D11F}.Release|x86.Build.0 = Release|Win32
		{454244B2-B174-41B4-B7AC-41962FE95941}.Debug|x64.ActiveCfg = Debug|x64
		{454244B2-B174-41B4-B7AC-41962FE95941}.Debug|x64.Build.0 = Debug|x64
		{454244B2-B174-41B4-B7AC-41962FE95941}.Debug|x86.ActiveCfg = Debug|Win32
		{454244B2-B174-41B4-B7AC-41962FE95941}.Debug|x86.Build.0 = Debug|Win32
		{454244B2-B174-41B4-B7AC-41962FE95941}.Release|x64.ActiveCfg = Release|x64
		{454244B2-B174-41B4-B7AC-41962FE95941}.Release|x64.Build.0 = Release|x64
		{454244B2-B174-41B4-B7AC-41962FE95941}.Release|x86.ActiveCfg = Release|Win32
		{454244B2-B174-41B4-B7AC-41962FE95941}.Release|x86.Build.0 = Release|Win32
		{B04168BD-4D56-4DE9-B1E3-CF4C16FE21C7}.Debug|x64.ActiveCfg = Debug|x64
		{B04168BD-4D56-4DE9-B1E3-CF4C16FE21C7}.Debug|x64.Build.0 = Debug|x64
		{B04168BD-4D56-4DE9-B1E3-CF4C16FE21C7}.Debug|x86.ActiveCfg = Debug|Win32
		{B04168BD-4D56-4DE9-B1E3-CF4C16FE21C7}.Debug|x86.Build.0 = Debug|Win32
		{B04168BD-4D56-4DE9-B1E3-CF4C16FE21C7}.Release|x64.ActiveCfg = Release|x64
		{B04168BD-4D56-4DE9-B1E3-CF4C16FE21C7}.Release|x64.Build.0 = Release|x64
		{B04168BD-4D56-4DE9-B1E3-CF4C16FE21C7}.Release|x86.ActiveCfg = Release|Win32
		{B04168BD-4D56-4DE9-B1E3-CF4C16FE21C7}.Release|x86.Build.0 = Release|Win32
		{995745F2-E8BA-48C1-AF6D-BA554B869D47}.Debug|x64.ActiveCfg = Debug|x64
		{995745F2-E8BA-48C1-AF6D-BA554B869D47}.Debug|x64.Build.0 = Debug|x64
		{995745F2-E8BA-48C1-AF6D-BA554B869D47}.Debug|x86.ActiveCfg = Debug|Win32
		{995745F2-E8BA-48C1-AF6D-BA554B869D47}.Debug|x86.Build.0 = Debug|Win32
		{995745F2-E8BA-48C1-AF6D-BA554B869D47}.Release|x64.ActiveCfg = Release|x64
		{995745F2-E8BA-48C1-AF6D-BA554B869D47}.Release|x64.Build.0 = Release|x64
		{995745F2-E8BA-48C1-AF6D-BA554B869D47}.Release|x86.ActiveCfg = Release|Win32
		{995745F2-E8BA-48C1-AF6D-BA554B869D47}.Release|x86.Build.0 = Release|Win32
		{4898D6E0-6FC5-4375-99F5-4C69BB20CE94}.Debug|x64.ActiveCfg = Debug|x64
		{4898D6E0-6FC5-4375-99F5-4C69BB20CE94}.Debug|x64.Build.0 = Debug|x64
		{4898D6E0-6FC5-4375-99F5-4C69BB20CE94}.Debug|x86.ActiveCfg = Debug|Win32
		{4898D6E0-6FC5-4375-99F5-4C69BB20CE94}.Debug|x86.Build.0 = Debug|Win32
		{4898D6E0-6FC5-4375-99F5-4C69BB20CE94}.Release|x64.ActiveCfg = Release|x64
		{4898D6E0-6FC5-4375-99F5-4C69BB20CE94}.Release|x64.Build.0 = Release|x64
		{4898D6E0-6FC5-4375-99F5-4C69BB20CE94}.Release|x86.ActiveCfg = Release|Win32
		{4898D6E0-6FC5-4375-99F5-4C69BB20CE94}.Release|x86.Build.0 = Release|Win32
	EndGlobalSection
	GlobalSection(SolutionProperties) = preSolution
		HideSolutionNode = FALSE
	EndGlobalSection
EndGlobal
