<?xml version="1.0" encoding="utf-8"?>
<Project ToolsVersion="4.0" xmlns="http://schemas.microsoft.com/developer/msbuild/2003">
  <ItemGroup>
    <ClCompile Include="h3zerotest.c">
      <Filter>Source Files</Filter>
    </ClCompile>
    <ClCompile Include="http0dot9test.c">
      <Filter>Source Files</Filter>
    </ClCompile>
  </ItemGroup>
  <ItemGroup>
    <ClInclude Include="picohttptest.h">
      <Filter>Source Files</Filter>
    </ClInclude>
    <ClInclude Include="picohttptest_internal.h">
      <Filter>Source Files</Filter>
    </ClInclude>
  </ItemGroup>
  <ItemGroup>
    <Filter Include="Source Files">
      <UniqueIdentifier>{558e044e-a6e8-42fe-9cc2-a836086d54cd}</UniqueIdentifier>
    </Filter>
  </ItemGroup>
</Project>