<?xml version="1.0" encoding="utf-8"?>
<Project ToolsVersion="4.0" xmlns="http://schemas.microsoft.com/developer/msbuild/2003">
  <ItemGroup>
    <Filter Include="Source">
      <UniqueIdentifier>{303fdd1c-dd10-41f5-ac46-e51442aedaba}</UniqueIdentifier>
    </Filter>
  </ItemGroup>
  <ItemGroup>
    <ClCompile Include="csv.c">
      <Filter>Source</Filter>
    </ClCompile>
    <ClCompile Include="svg.c">
      <Filter>Source</Filter>
    </ClCompile>
    <ClCompile Include="cidset.c">
      <Filter>Source</Filter>
    </ClCompile>
    <ClCompile Include="logconvert.c">
      <Filter>Source</Filter>
    </ClCompile>
    <ClCompile Include="qlog.c">
      <Filter>Source</Filter>
    </ClCompile>
    <ClCompile Include="logreader.c">
      <Filter>Source</Filter>
    </ClCompile>
    <ClCompile Include="autoqlog.c">
      <Filter>Source</Filter>
    </ClCompile>
  </ItemGroup>
</Project>